
Microsoft Visual Studio Solution File, Format Version 12.00
# Visual Studio Version 17
VisualStudioVersion = 17.10.35122.118
MinimumVisualStudioVersion = 10.0.40219.1
Project("{FAE04EC0-301F-11D3-BF4B-00C04F79EFBC}") = "OO_csharp", "OO_csharp\OO_csharp.csproj", "{995F1D9C-5ED4-4F29-8882-A3CA0BB35334}"
EndProject
Global
	GlobalSection(SolutionConfigurationPlatforms) = preSolution
		Debug|Any CPU = Debug|Any CPU
		Release|Any CPU = Release|Any CPU
	EndGlobalSection
	GlobalSection(ProjectConfigurationPlatforms) = postSolution
		{995F1D9C-5ED4-4F29-8882-A3CA0BB35334}.Debug|Any CPU.ActiveCfg = Debug|Any CPU
		{995F1D9C-5ED4-4F29-8882-A3CA0BB35334}.Debug|Any CPU.Build.0 = Debug|Any CPU
		{995F1D9C-5ED4-4F29-8882-A3CA0BB35334}.Release|Any CPU.ActiveCfg = Release|Any CPU
		{995F1D9C-5ED4-4F29-8882-A3CA0BB35334}.Release|Any CPU.Build.0 = Release|Any CPU
	EndGlobalSection
	GlobalSection(SolutionProperties) = preSolution
		HideSolutionNode = FALSE
	EndGlobalSection
	GlobalSection(ExtensibilityGlobals) = postSolution
		SolutionGuid = {634C5411-FC64-4E21-A74E-281B5FA89407}
	EndGlobalSection
EndGlobal
